
Microsoft Visual Studio Solution File, Format Version 12.00
# Visual Studio 15
VisualStudioVersion = 15.0.28307.329
MinimumVisualStudioVersion = 10.0.40219.1
Project("{FAE04EC0-301F-11D3-BF4B-00C04F79EFBC}") = "SeekAndArchive", "SeekAndArchive\SeekAndArchive.csproj", "{81AB306B-AF03-420C-ACB7-C7505B12588A}"
EndProject
Global
	GlobalSection(SolutionConfigurationPlatforms) = preSolution
		Debug|Any CPU = Debug|Any CPU
		Release|Any CPU = Release|Any CPU
	EndGlobalSection
	GlobalSection(ProjectConfigurationPlatforms) = postSolution
		{81AB306B-AF03-420C-ACB7-C7505B12588A}.Debug|Any CPU.ActiveCfg = Debug|Any CPU
		{81AB306B-AF03-420C-ACB7-C7505B12588A}.Debug|Any CPU.Build.0 = Debug|Any CPU
		{81AB306B-AF03-420C-ACB7-C7505B12588A}.Release|Any CPU.ActiveCfg = Release|Any CPU
		{81AB306B-AF03-420C-ACB7-C7505B12588A}.Release|Any CPU.Build.0 = Release|Any CPU
	EndGlobalSection
	GlobalSection(SolutionProperties) = preSolution
		HideSolutionNode = FALSE
	EndGlobalSection
	GlobalSection(ExtensibilityGlobals) = postSolution
		SolutionGuid = {B53FF003-2A2C-4584-8B3E-ADC497E38B0B}
	EndGlobalSection
EndGlobal
